
Microsoft Visual Studio Solution File, Format Version 11.00
# Visual Studio 2010
Project("{FAE04EC0-301F-11D3-BF4B-00C04F79EFBC}") = "DeskWall.Plugin", "DeskWall.Plugin\DeskWall.Plugin.csproj", "{EBF16F7A-0BBD-4CE0-8613-AEE78E47AFDD}"
EndProject
Project("{FAE04EC0-301F-11D3-BF4B-00C04F79EFBC}") = "DeskWall", "DeskWall\DeskWall.csproj", "{B557750F-81B7-456D-A624-BCB94E6D3D42}"
EndProject
Project("{FAE04EC0-301F-11D3-BF4B-00C04F79EFBC}") = "Native", "Native\Native.csproj", "{8F287FC9-B299-4490-A01D-70E7F1C9899C}"
EndProject
Project("{FAE04EC0-301F-11D3-BF4B-00C04F79EFBC}") = "Fs", "..\OA\Fs\Fs.csproj", "{CAB8050F-3B67-4483-9E72-9479AB5B53B4}"
EndProject
Global
	GlobalSection(SolutionConfigurationPlatforms) = preSolution
		Debug|Any CPU = Debug|Any CPU
		Release|Any CPU = Release|Any CPU
	EndGlobalSection
	GlobalSection(ProjectConfigurationPlatforms) = postSolution
		{EBF16F7A-0BBD-4CE0-8613-AEE78E47AFDD}.Debug|Any CPU.ActiveCfg = Debug|Any CPU
		{EBF16F7A-0BBD-4CE0-8613-AEE78E47AFDD}.Debug|Any CPU.Build.0 = Debug|Any CPU
		{EBF16F7A-0BBD-4CE0-8613-AEE78E47AFDD}.Release|Any CPU.ActiveCfg = Release|Any CPU
		{EBF16F7A-0BBD-4CE0-8613-AEE78E47AFDD}.Release|Any CPU.Build.0 = Release|Any CPU
		{B557750F-81B7-456D-A624-BCB94E6D3D42}.Debug|Any CPU.ActiveCfg = Debug|Any CPU
		{B557750F-81B7-456D-A624-BCB94E6D3D42}.Debug|Any CPU.Build.0 = Debug|Any CPU
		{B557750F-81B7-456D-A624-BCB94E6D3D42}.Release|Any CPU.ActiveCfg = Release|Any CPU
		{B557750F-81B7-456D-A624-BCB94E6D3D42}.Release|Any CPU.Build.0 = Release|Any CPU
		{8F287FC9-B299-4490-A01D-70E7F1C9899C}.Debug|Any CPU.ActiveCfg = Debug|Any CPU
		{8F287FC9-B299-4490-A01D-70E7F1C9899C}.Debug|Any CPU.Build.0 = Debug|Any CPU
		{8F287FC9-B299-4490-A01D-70E7F1C9899C}.Release|Any CPU.ActiveCfg = Release|Any CPU
		{8F287FC9-B299-4490-A01D-70E7F1C9899C}.Release|Any CPU.Build.0 = Release|Any CPU
		{CAB8050F-3B67-4483-9E72-9479AB5B53B4}.Debug|Any CPU.ActiveCfg = Debug|Any CPU
		{CAB8050F-3B67-4483-9E72-9479AB5B53B4}.Debug|Any CPU.Build.0 = Debug|Any CPU
		{CAB8050F-3B67-4483-9E72-9479AB5B53B4}.Release|Any CPU.ActiveCfg = Release|Any CPU
		{CAB8050F-3B67-4483-9E72-9479AB5B53B4}.Release|Any CPU.Build.0 = Release|Any CPU
	EndGlobalSection
	GlobalSection(SolutionProperties) = preSolution
		HideSolutionNode = FALSE
	EndGlobalSection
EndGlobal
