
Microsoft Visual Studio Solution File, Format Version 11.00
# Visual Studio 2010
Project("{FAE04EC0-301F-11D3-BF4B-00C04F79EFBC}") = "ULib.Winform", "ULib.Winform\ULib.Winform.csproj", "{0C8C5921-BA37-4E3E-B6E5-63C95498C114}"
EndProject
Project("{FAE04EC0-301F-11D3-BF4B-00C04F79EFBC}") = "Platform.UI", "Platform.UI\Platform.UI.csproj", "{50B288B3-FE75-4E95-9570-2043D73E9218}"
EndProject
Project("{FAE04EC0-301F-11D3-BF4B-00C04F79EFBC}") = "Wcf.Host.Startup", "Wcf.Host.Startup\Wcf.Host.Startup.csproj", "{0A2BC498-1195-4B01-BB4D-936A04B891AE}"
EndProject
Project("{FAE04EC0-301F-11D3-BF4B-00C04F79EFBC}") = "Wcf.Service", "WcfService\Wcf.Service.csproj", "{9562794A-3E09-4E3F-AB32-BA54A7D1CC00}"
EndProject
Project("{FAE04EC0-301F-11D3-BF4B-00C04F79EFBC}") = "Wcf.Interface", "Wcf.Interface\Wcf.Interface.csproj", "{3C978A90-E3C5-4046-B616-D18D44598512}"
EndProject
Project("{FAE04EC0-301F-11D3-BF4B-00C04F79EFBC}") = "Platform.Core", "Platform.Core\Platform.Core.csproj", "{6A23CFF1-C1F1-4D54-992F-43F313433B92}"
EndProject
Global
	GlobalSection(TeamFoundationVersionControl) = preSolution
		SccNumberOfProjects = 4
		SccEnterpriseProvider = {4CA58AB2-18FA-4F8D-95D4-32DDF27D184C}
		SccTeamFoundationServer = http://family-138603d:8080/tfs/defaultcollection
		SccLocalPath0 = .
		SccProjectUniqueName1 = ULib.Winform\\ULib.Winform.csproj
		SccProjectName1 = ULib.Winform
		SccLocalPath1 = ULib.Winform
		SccProjectUniqueName2 = Winform.Startup\\Platform.Startup.csproj
		SccProjectName2 = Winform.Startup
		SccLocalPath2 = Winform.Startup
		SccProjectUniqueName3 = Platform.UI\\Platform.UI.csproj
		SccProjectName3 = Platform.UI
		SccLocalPath3 = Platform.UI
	EndGlobalSection
	GlobalSection(SolutionConfigurationPlatforms) = preSolution
		Debug|Any CPU = Debug|Any CPU
		Debug|Mixed Platforms = Debug|Mixed Platforms
		Debug|x86 = Debug|x86
		Release|Any CPU = Release|Any CPU
		Release|Mixed Platforms = Release|Mixed Platforms
		Release|x86 = Release|x86
	EndGlobalSection
	GlobalSection(ProjectConfigurationPlatforms) = postSolution
		{0C8C5921-BA37-4E3E-B6E5-63C95498C114}.Debug|Any CPU.ActiveCfg = Debug|x86
		{0C8C5921-BA37-4E3E-B6E5-63C95498C114}.Debug|Mixed Platforms.ActiveCfg = Debug|x86
		{0C8C5921-BA37-4E3E-B6E5-63C95498C114}.Debug|Mixed Platforms.Build.0 = Debug|x86
		{0C8C5921-BA37-4E3E-B6E5-63C95498C114}.Debug|x86.ActiveCfg = Debug|x86
		{0C8C5921-BA37-4E3E-B6E5-63C95498C114}.Debug|x86.Build.0 = Debug|x86
		{0C8C5921-BA37-4E3E-B6E5-63C95498C114}.Release|Any CPU.ActiveCfg = Release|x86
		{0C8C5921-BA37-4E3E-B6E5-63C95498C114}.Release|Mixed Platforms.ActiveCfg = Release|x86
		{0C8C5921-BA37-4E3E-B6E5-63C95498C114}.Release|Mixed Platforms.Build.0 = Release|x86
		{0C8C5921-BA37-4E3E-B6E5-63C95498C114}.Release|x86.ActiveCfg = Release|x86
		{0C8C5921-BA37-4E3E-B6E5-63C95498C114}.Release|x86.Build.0 = Release|x86
		{50B288B3-FE75-4E95-9570-2043D73E9218}.Debug|Any CPU.ActiveCfg = Debug|Any CPU
		{50B288B3-FE75-4E95-9570-2043D73E9218}.Debug|Any CPU.Build.0 = Debug|Any CPU
		{50B288B3-FE75-4E95-9570-2043D73E9218}.Debug|Mixed Platforms.ActiveCfg = Debug|Any CPU
		{50B288B3-FE75-4E95-9570-2043D73E9218}.Debug|Mixed Platforms.Build.0 = Debug|Any CPU
		{50B288B3-FE75-4E95-9570-2043D73E9218}.Debug|x86.ActiveCfg = Debug|Any CPU
		{50B288B3-FE75-4E95-9570-2043D73E9218}.Release|Any CPU.ActiveCfg = Release|Any CPU
		{50B288B3-FE75-4E95-9570-2043D73E9218}.Release|Any CPU.Build.0 = Release|Any CPU
		{50B288B3-FE75-4E95-9570-2043D73E9218}.Release|Mixed Platforms.ActiveCfg = Release|Any CPU
		{50B288B3-FE75-4E95-9570-2043D73E9218}.Release|Mixed Platforms.Build.0 = Release|Any CPU
		{50B288B3-FE75-4E95-9570-2043D73E9218}.Release|x86.ActiveCfg = Release|Any CPU
		{0A2BC498-1195-4B01-BB4D-936A04B891AE}.Debug|Any CPU.ActiveCfg = Debug|x86
		{0A2BC498-1195-4B01-BB4D-936A04B891AE}.Debug|Mixed Platforms.ActiveCfg = Debug|x86
		{0A2BC498-1195-4B01-BB4D-936A04B891AE}.Debug|Mixed Platforms.Build.0 = Debug|x86
		{0A2BC498-1195-4B01-BB4D-936A04B891AE}.Debug|x86.ActiveCfg = Debug|x86
		{0A2BC498-1195-4B01-BB4D-936A04B891AE}.Debug|x86.Build.0 = Debug|x86
		{0A2BC498-1195-4B01-BB4D-936A04B891AE}.Release|Any CPU.ActiveCfg = Release|x86
		{0A2BC498-1195-4B01-BB4D-936A04B891AE}.Release|Mixed Platforms.ActiveCfg = Release|x86
		{0A2BC498-1195-4B01-BB4D-936A04B891AE}.Release|Mixed Platforms.Build.0 = Release|x86
		{0A2BC498-1195-4B01-BB4D-936A04B891AE}.Release|x86.ActiveCfg = Release|x86
		{0A2BC498-1195-4B01-BB4D-936A04B891AE}.Release|x86.Build.0 = Release|x86
		{9562794A-3E09-4E3F-AB32-BA54A7D1CC00}.Debug|Any CPU.ActiveCfg = Debug|Any CPU
		{9562794A-3E09-4E3F-AB32-BA54A7D1CC00}.Debug|Any CPU.Build.0 = Debug|Any CPU
		{9562794A-3E09-4E3F-AB32-BA54A7D1CC00}.Debug|Mixed Platforms.ActiveCfg = Debug|Any CPU
		{9562794A-3E09-4E3F-AB32-BA54A7D1CC00}.Debug|Mixed Platforms.Build.0 = Debug|Any CPU
		{9562794A-3E09-4E3F-AB32-BA54A7D1CC00}.Debug|x86.ActiveCfg = Debug|Any CPU
		{9562794A-3E09-4E3F-AB32-BA54A7D1CC00}.Release|Any CPU.ActiveCfg = Release|Any CPU
		{9562794A-3E09-4E3F-AB32-BA54A7D1CC00}.Release|Any CPU.Build.0 = Release|Any CPU
		{9562794A-3E09-4E3F-AB32-BA54A7D1CC00}.Release|Mixed Platforms.ActiveCfg = Release|Any CPU
		{9562794A-3E09-4E3F-AB32-BA54A7D1CC00}.Release|Mixed Platforms.Build.0 = Release|Any CPU
		{9562794A-3E09-4E3F-AB32-BA54A7D1CC00}.Release|x86.ActiveCfg = Release|Any CPU
		{3C978A90-E3C5-4046-B616-D18D44598512}.Debug|Any CPU.ActiveCfg = Debug|Any CPU
		{3C978A90-E3C5-4046-B616-D18D44598512}.Debug|Any CPU.Build.0 = Debug|Any CPU
		{3C978A90-E3C5-4046-B616-D18D44598512}.Debug|Mixed Platforms.ActiveCfg = Debug|Any CPU
		{3C978A90-E3C5-4046-B616-D18D44598512}.Debug|Mixed Platforms.Build.0 = Debug|Any CPU
		{3C978A90-E3C5-4046-B616-D18D44598512}.Debug|x86.ActiveCfg = Debug|Any CPU
		{3C978A90-E3C5-4046-B616-D18D44598512}.Release|Any CPU.ActiveCfg = Release|Any CPU
		{3C978A90-E3C5-4046-B616-D18D44598512}.Release|Any CPU.Build.0 = Release|Any CPU
		{3C978A90-E3C5-4046-B616-D18D44598512}.Release|Mixed Platforms.ActiveCfg = Release|Any CPU
		{3C978A90-E3C5-4046-B616-D18D44598512}.Release|Mixed Platforms.Build.0 = Release|Any CPU
		{3C978A90-E3C5-4046-B616-D18D44598512}.Release|x86.ActiveCfg = Release|Any CPU
		{6A23CFF1-C1F1-4D54-992F-43F313433B92}.Debug|Any CPU.ActiveCfg = Debug|Any CPU
		{6A23CFF1-C1F1-4D54-992F-43F313433B92}.Debug|Any CPU.Build.0 = Debug|Any CPU
		{6A23CFF1-C1F1-4D54-992F-43F313433B92}.Debug|Mixed Platforms.ActiveCfg = Debug|Any CPU
		{6A23CFF1-C1F1-4D54-992F-43F313433B92}.Debug|Mixed Platforms.Build.0 = Debug|Any CPU
		{6A23CFF1-C1F1-4D54-992F-43F313433B92}.Debug|x86.ActiveCfg = Debug|Any CPU
		{6A23CFF1-C1F1-4D54-992F-43F313433B92}.Release|Any CPU.ActiveCfg = Release|Any CPU
		{6A23CFF1-C1F1-4D54-992F-43F313433B92}.Release|Any CPU.Build.0 = Release|Any CPU
		{6A23CFF1-C1F1-4D54-992F-43F313433B92}.Release|Mixed Platforms.ActiveCfg = Release|Any CPU
		{6A23CFF1-C1F1-4D54-992F-43F313433B92}.Release|Mixed Platforms.Build.0 = Release|Any CPU
		{6A23CFF1-C1F1-4D54-992F-43F313433B92}.Release|x86.ActiveCfg = Release|Any CPU
	EndGlobalSection
	GlobalSection(SolutionProperties) = preSolution
		HideSolutionNode = FALSE
	EndGlobalSection
EndGlobal
