
Microsoft Visual Studio Solution File, Format Version 12.00
# Visual Studio 2012
Project("{FAE04EC0-301F-11D3-BF4B-00C04F79EFBC}") = "Site", "Site\Site.csproj", "{B7CD5C85-6EDA-47DD-B2AA-17877627A1B0}"
EndProject
Project("{FAE04EC0-301F-11D3-BF4B-00C04F79EFBC}") = "DAL", "DAL\DAL.csproj", "{067E2DCF-9A91-4125-BC18-0D19D4C5AF9A}"
EndProject
Project("{FAE04EC0-301F-11D3-BF4B-00C04F79EFBC}") = "Joy.Core", "Joy.Core\Joy.Core.csproj", "{F30168B3-23A7-47BE-A674-5374A9CA7D9F}"
EndProject
Project("{FAE04EC0-301F-11D3-BF4B-00C04F79EFBC}") = "Joy.Server", "Joy.Server\Joy.Server.csproj", "{896371A0-378D-4BF8-98F4-EDF653D20F9C}"
EndProject
Global
	GlobalSection(TeamFoundationVersionControl) = preSolution
		SccNumberOfProjects = 5
		SccEnterpriseProvider = {4CA58AB2-18FA-4F8D-95D4-32DDF27D184C}
		SccTeamFoundationServer = https://tfs.codeplex.com/tfs/tfs35
		SccLocalPath0 = .
		SccProjectUniqueName1 = DAL\\DAL.csproj
		SccProjectName1 = DAL
		SccLocalPath1 = DAL
		SccProjectUniqueName2 = Site\\Site.csproj
		SccProjectName2 = Site
		SccLocalPath2 = Site
		SccProjectUniqueName3 = Joy.Core\\Joy.Core.csproj
		SccProjectName3 = Joy.Core
		SccLocalPath3 = Joy.Core
		SccProjectUniqueName4 = Joy.Server\\Joy.Server.csproj
		SccProjectName4 = Joy.Server
		SccLocalPath4 = Joy.Server
	EndGlobalSection
	GlobalSection(SolutionConfigurationPlatforms) = preSolution
		Debug|Any CPU = Debug|Any CPU
		Release|Any CPU = Release|Any CPU
	EndGlobalSection
	GlobalSection(ProjectConfigurationPlatforms) = postSolution
		{B7CD5C85-6EDA-47DD-B2AA-17877627A1B0}.Debug|Any CPU.ActiveCfg = Debug|Any CPU
		{B7CD5C85-6EDA-47DD-B2AA-17877627A1B0}.Debug|Any CPU.Build.0 = Debug|Any CPU
		{B7CD5C85-6EDA-47DD-B2AA-17877627A1B0}.Release|Any CPU.ActiveCfg = Release|Any CPU
		{B7CD5C85-6EDA-47DD-B2AA-17877627A1B0}.Release|Any CPU.Build.0 = Release|Any CPU
		{067E2DCF-9A91-4125-BC18-0D19D4C5AF9A}.Debug|Any CPU.ActiveCfg = Debug|Any CPU
		{067E2DCF-9A91-4125-BC18-0D19D4C5AF9A}.Debug|Any CPU.Build.0 = Debug|Any CPU
		{067E2DCF-9A91-4125-BC18-0D19D4C5AF9A}.Release|Any CPU.ActiveCfg = Release|Any CPU
		{067E2DCF-9A91-4125-BC18-0D19D4C5AF9A}.Release|Any CPU.Build.0 = Release|Any CPU
		{F30168B3-23A7-47BE-A674-5374A9CA7D9F}.Debug|Any CPU.ActiveCfg = Debug|Any CPU
		{F30168B3-23A7-47BE-A674-5374A9CA7D9F}.Debug|Any CPU.Build.0 = Debug|Any CPU
		{F30168B3-23A7-47BE-A674-5374A9CA7D9F}.Release|Any CPU.ActiveCfg = Release|Any CPU
		{F30168B3-23A7-47BE-A674-5374A9CA7D9F}.Release|Any CPU.Build.0 = Release|Any CPU
		{896371A0-378D-4BF8-98F4-EDF653D20F9C}.Debug|Any CPU.ActiveCfg = Debug|Any CPU
		{896371A0-378D-4BF8-98F4-EDF653D20F9C}.Debug|Any CPU.Build.0 = Debug|Any CPU
		{896371A0-378D-4BF8-98F4-EDF653D20F9C}.Release|Any CPU.ActiveCfg = Release|Any CPU
		{896371A0-378D-4BF8-98F4-EDF653D20F9C}.Release|Any CPU.Build.0 = Release|Any CPU
	EndGlobalSection
	GlobalSection(SolutionProperties) = preSolution
		HideSolutionNode = FALSE
	EndGlobalSection
EndGlobal
