
Microsoft Visual Studio Solution File, Format Version 12.00
# Visual Studio 2012
Project("{FAE04EC0-301F-11D3-BF4B-00C04F79EFBC}") = "Store.Web", "Store.Web\Store.Web.csproj", "{BFCDC5E9-2DB8-4307-854D-277806F48F68}"
EndProject
Project("{FAE04EC0-301F-11D3-BF4B-00C04F79EFBC}") = "Joy.Server", "Joy.Server\Joy.Server.csproj", "{896371A0-378D-4BF8-98F4-EDF653D20F9C}"
EndProject
Project("{FAE04EC0-301F-11D3-BF4B-00C04F79EFBC}") = "Joy.Core", "Joy.Core\Joy.Core.csproj", "{F30168B3-23A7-47BE-A674-5374A9CA7D9F}"
EndProject
Global
	GlobalSection(TeamFoundationVersionControl) = preSolution
		SccNumberOfProjects = 4
		SccEnterpriseProvider = {4CA58AB2-18FA-4F8D-95D4-32DDF27D184C}
		SccTeamFoundationServer = https://tfs.codeplex.com/tfs/tfs35
		SccLocalPath0 = .
		SccProjectUniqueName1 = Store.Web\\Store.Web.csproj
		SccProjectName1 = Store.Web
		SccLocalPath1 = Store.Web
		SccProjectUniqueName2 = Joy.Server\\Joy.Server.csproj
		SccProjectName2 = Joy.Server
		SccLocalPath2 = Joy.Server
		SccProjectUniqueName3 = Joy.Core\\Joy.Core.csproj
		SccProjectName3 = Joy.Core
		SccLocalPath3 = Joy.Core
	EndGlobalSection
	GlobalSection(SolutionConfigurationPlatforms) = preSolution
		Debug|Any CPU = Debug|Any CPU
		Release|Any CPU = Release|Any CPU
	EndGlobalSection
	GlobalSection(ProjectConfigurationPlatforms) = postSolution
		{BFCDC5E9-2DB8-4307-854D-277806F48F68}.Debug|Any CPU.ActiveCfg = Debug|Any CPU
		{BFCDC5E9-2DB8-4307-854D-277806F48F68}.Debug|Any CPU.Build.0 = Debug|Any CPU
		{BFCDC5E9-2DB8-4307-854D-277806F48F68}.Release|Any CPU.ActiveCfg = Release|Any CPU
		{BFCDC5E9-2DB8-4307-854D-277806F48F68}.Release|Any CPU.Build.0 = Release|Any CPU
		{896371A0-378D-4BF8-98F4-EDF653D20F9C}.Debug|Any CPU.ActiveCfg = Debug|Any CPU
		{896371A0-378D-4BF8-98F4-EDF653D20F9C}.Debug|Any CPU.Build.0 = Debug|Any CPU
		{896371A0-378D-4BF8-98F4-EDF653D20F9C}.Release|Any CPU.ActiveCfg = Release|Any CPU
		{896371A0-378D-4BF8-98F4-EDF653D20F9C}.Release|Any CPU.Build.0 = Release|Any CPU
		{F30168B3-23A7-47BE-A674-5374A9CA7D9F}.Debug|Any CPU.ActiveCfg = Debug|Any CPU
		{F30168B3-23A7-47BE-A674-5374A9CA7D9F}.Debug|Any CPU.Build.0 = Debug|Any CPU
		{F30168B3-23A7-47BE-A674-5374A9CA7D9F}.Release|Any CPU.ActiveCfg = Release|Any CPU
		{F30168B3-23A7-47BE-A674-5374A9CA7D9F}.Release|Any CPU.Build.0 = Release|Any CPU
	EndGlobalSection
	GlobalSection(SolutionProperties) = preSolution
		HideSolutionNode = FALSE
	EndGlobalSection
EndGlobal
