
Microsoft Visual Studio Solution File, Format Version 11.00
# Visual Studio 2010
Project("{FAE04EC0-301F-11D3-BF4B-00C04F79EFBC}") = "XnaEngine", "XnaEngine\XnaEngine.csproj", "{063EEED8-27FC-429B-8689-D4EECD208885}"
EndProject
Project("{FAE04EC0-301F-11D3-BF4B-00C04F79EFBC}") = "XnaGameContent", "XnaGame\XnaGameContent\XnaGameContent.contentproj", "{97977511-23EE-48CD-8BDF-486D09A0C089}"
EndProject
Project("{FAE04EC0-301F-11D3-BF4B-00C04F79EFBC}") = "XnaGame", "XnaGame\XnaGame\XnaGame.csproj", "{79F4D2B2-FED3-4AEA-86F8-D8DBF593BF6B}"
EndProject
Global
	GlobalSection(TeamFoundationVersionControl) = preSolution
		SccNumberOfProjects = 4
		SccEnterpriseProvider = {4CA58AB2-18FA-4F8D-95D4-32DDF27D184C}
		SccTeamFoundationServer = http://family-138603d:8080/tfs/defaultcollection
		SccLocalPath0 = .
		SccProjectUniqueName1 = XnaEngine\\XnaEngine.csproj
		SccProjectName1 = XnaEngine
		SccLocalPath1 = XnaEngine
		SccProjectUniqueName2 = XnaGame\\XnaGameContent\\XnaGameContent.contentproj
		SccProjectName2 = XnaGame/XnaGameContent
		SccLocalPath2 = XnaGame\\XnaGameContent
		SccProjectUniqueName3 = XnaGame\\XnaGame\\XnaGame.csproj
		SccProjectName3 = XnaGame/XnaGame
		SccLocalPath3 = XnaGame\\XnaGame
	EndGlobalSection
	GlobalSection(SolutionConfigurationPlatforms) = preSolution
		Debug|Any CPU = Debug|Any CPU
		Debug|Mixed Platforms = Debug|Mixed Platforms
		Debug|x86 = Debug|x86
		Release|Any CPU = Release|Any CPU
		Release|Mixed Platforms = Release|Mixed Platforms
		Release|x86 = Release|x86
	EndGlobalSection
	GlobalSection(ProjectConfigurationPlatforms) = postSolution
		{063EEED8-27FC-429B-8689-D4EECD208885}.Debug|Any CPU.ActiveCfg = Debug|x86
		{063EEED8-27FC-429B-8689-D4EECD208885}.Debug|Any CPU.Build.0 = Debug|x86
		{063EEED8-27FC-429B-8689-D4EECD208885}.Debug|Mixed Platforms.ActiveCfg = Debug|x86
		{063EEED8-27FC-429B-8689-D4EECD208885}.Debug|Mixed Platforms.Build.0 = Debug|x86
		{063EEED8-27FC-429B-8689-D4EECD208885}.Debug|x86.ActiveCfg = Debug|x86
		{063EEED8-27FC-429B-8689-D4EECD208885}.Debug|x86.Build.0 = Debug|x86
		{063EEED8-27FC-429B-8689-D4EECD208885}.Release|Any CPU.ActiveCfg = Release|x86
		{063EEED8-27FC-429B-8689-D4EECD208885}.Release|Any CPU.Build.0 = Release|x86
		{063EEED8-27FC-429B-8689-D4EECD208885}.Release|Mixed Platforms.ActiveCfg = Release|x86
		{063EEED8-27FC-429B-8689-D4EECD208885}.Release|Mixed Platforms.Build.0 = Release|x86
		{063EEED8-27FC-429B-8689-D4EECD208885}.Release|x86.ActiveCfg = Release|x86
		{063EEED8-27FC-429B-8689-D4EECD208885}.Release|x86.Build.0 = Release|x86
		{97977511-23EE-48CD-8BDF-486D09A0C089}.Debug|Any CPU.ActiveCfg = Debug|Any CPU
		{97977511-23EE-48CD-8BDF-486D09A0C089}.Debug|Mixed Platforms.ActiveCfg = Debug|Any CPU
		{97977511-23EE-48CD-8BDF-486D09A0C089}.Debug|x86.ActiveCfg = Debug|Any CPU
		{97977511-23EE-48CD-8BDF-486D09A0C089}.Release|Any CPU.ActiveCfg = Debug|Any CPU
		{97977511-23EE-48CD-8BDF-486D09A0C089}.Release|Mixed Platforms.ActiveCfg = Debug|Any CPU
		{97977511-23EE-48CD-8BDF-486D09A0C089}.Release|x86.ActiveCfg = Debug|Any CPU
		{79F4D2B2-FED3-4AEA-86F8-D8DBF593BF6B}.Debug|Any CPU.ActiveCfg = Debug|x86
		{79F4D2B2-FED3-4AEA-86F8-D8DBF593BF6B}.Debug|Mixed Platforms.ActiveCfg = Debug|x86
		{79F4D2B2-FED3-4AEA-86F8-D8DBF593BF6B}.Debug|Mixed Platforms.Build.0 = Debug|x86
		{79F4D2B2-FED3-4AEA-86F8-D8DBF593BF6B}.Debug|x86.ActiveCfg = Debug|x86
		{79F4D2B2-FED3-4AEA-86F8-D8DBF593BF6B}.Debug|x86.Build.0 = Debug|x86
		{79F4D2B2-FED3-4AEA-86F8-D8DBF593BF6B}.Release|Any CPU.ActiveCfg = Release|x86
		{79F4D2B2-FED3-4AEA-86F8-D8DBF593BF6B}.Release|Mixed Platforms.ActiveCfg = Release|x86
		{79F4D2B2-FED3-4AEA-86F8-D8DBF593BF6B}.Release|Mixed Platforms.Build.0 = Release|x86
		{79F4D2B2-FED3-4AEA-86F8-D8DBF593BF6B}.Release|x86.ActiveCfg = Release|x86
		{79F4D2B2-FED3-4AEA-86F8-D8DBF593BF6B}.Release|x86.Build.0 = Release|x86
	EndGlobalSection
	GlobalSection(SolutionProperties) = preSolution
		HideSolutionNode = FALSE
	EndGlobalSection
EndGlobal
