
Microsoft Visual Studio Solution File, Format Version 12.00
# Visual Studio 2012
Project("{FAE04EC0-301F-11D3-BF4B-00C04F79EFBC}") = "ScriptPad.Winform", "ScriptPad.Winform\ScriptPad.Winform.csproj", "{E6C10837-7D32-4854-B829-B4DFFDE7227B}"
EndProject
Project("{FAE04EC0-301F-11D3-BF4B-00C04F79EFBC}") = "Joy.Core", "..\..\Website\Portal\Joy.Core\Joy.Core.csproj", "{F30168B3-23A7-47BE-A674-5374A9CA7D9F}"
EndProject
Global
	GlobalSection(TeamFoundationVersionControl) = preSolution
		SccNumberOfProjects = 1
		SccEnterpriseProvider = {4CA58AB2-18FA-4F8D-95D4-32DDF27D184C}
		SccTeamFoundationServer = https://platform.visualstudio.com/defaultcollection
		SccProjectUniqueName0 = ..\\..\\Website\\Portal\\Joy.Core\\Joy.Core.csproj
		SccProjectName0 = ../../Website/Portal/Joy.Core
		SccAuxPath0 = https://platform.visualstudio.com/defaultcollection
		SccLocalPath0 = ..\\..\\Website\\Portal\\Joy.Core
		SccProvider0 = {4CA58AB2-18FA-4F8D-95D4-32DDF27D184C}
	EndGlobalSection
	GlobalSection(SolutionConfigurationPlatforms) = preSolution
		Debug|Any CPU = Debug|Any CPU
		Release|Any CPU = Release|Any CPU
	EndGlobalSection
	GlobalSection(ProjectConfigurationPlatforms) = postSolution
		{E6C10837-7D32-4854-B829-B4DFFDE7227B}.Debug|Any CPU.ActiveCfg = Debug|Any CPU
		{E6C10837-7D32-4854-B829-B4DFFDE7227B}.Debug|Any CPU.Build.0 = Debug|Any CPU
		{E6C10837-7D32-4854-B829-B4DFFDE7227B}.Release|Any CPU.ActiveCfg = Release|Any CPU
		{E6C10837-7D32-4854-B829-B4DFFDE7227B}.Release|Any CPU.Build.0 = Release|Any CPU
		{F30168B3-23A7-47BE-A674-5374A9CA7D9F}.Debug|Any CPU.ActiveCfg = Debug|Any CPU
		{F30168B3-23A7-47BE-A674-5374A9CA7D9F}.Debug|Any CPU.Build.0 = Debug|Any CPU
		{F30168B3-23A7-47BE-A674-5374A9CA7D9F}.Release|Any CPU.ActiveCfg = Release|Any CPU
		{F30168B3-23A7-47BE-A674-5374A9CA7D9F}.Release|Any CPU.Build.0 = Release|Any CPU
	EndGlobalSection
	GlobalSection(SolutionProperties) = preSolution
		HideSolutionNode = FALSE
	EndGlobalSection
EndGlobal
