
Microsoft Visual Studio Solution File, Format Version 12.00
# Visual Studio 2012
Project("{FAE04EC0-301F-11D3-BF4B-00C04F79EFBC}") = "Core", "CoreService\Core.csproj", "{BB52218B-DF19-42C7-952F-4BDEBA99C2EE}"
EndProject
Project("{FAE04EC0-301F-11D3-BF4B-00C04F79EFBC}") = "ServiceHoster", "ServiceHost\ServiceHoster.csproj", "{AB43DC29-BDDB-4046-828D-2BE5F6B1C8E7}"
EndProject
Project("{FAE04EC0-301F-11D3-BF4B-00C04F79EFBC}") = "Client", "ConsoleClient\Client.csproj", "{40DA54F8-C18A-45E2-B499-59DAC561F132}"
EndProject
Global
	GlobalSection(TeamFoundationVersionControl) = preSolution
		SccNumberOfProjects = 4
		SccEnterpriseProvider = {4CA58AB2-18FA-4F8D-95D4-32DDF27D184C}
		SccTeamFoundationServer = https://platform.visualstudio.com/defaultcollection
		SccLocalPath0 = .
		SccProjectUniqueName1 = CoreService\\Core.csproj
		SccProjectName1 = CoreService
		SccLocalPath1 = CoreService
		SccProjectUniqueName2 = ConsoleClient\\Client.csproj
		SccProjectName2 = ConsoleClient
		SccLocalPath2 = ConsoleClient
		SccProjectUniqueName3 = ServiceHost\\ServiceHoster.csproj
		SccProjectName3 = ServiceHost
		SccLocalPath3 = ServiceHost
	EndGlobalSection
	GlobalSection(SolutionConfigurationPlatforms) = preSolution
		Debug|Any CPU = Debug|Any CPU
		Release|Any CPU = Release|Any CPU
	EndGlobalSection
	GlobalSection(ProjectConfigurationPlatforms) = postSolution
		{BB52218B-DF19-42C7-952F-4BDEBA99C2EE}.Debug|Any CPU.ActiveCfg = Debug|Any CPU
		{BB52218B-DF19-42C7-952F-4BDEBA99C2EE}.Debug|Any CPU.Build.0 = Debug|Any CPU
		{BB52218B-DF19-42C7-952F-4BDEBA99C2EE}.Release|Any CPU.ActiveCfg = Release|Any CPU
		{BB52218B-DF19-42C7-952F-4BDEBA99C2EE}.Release|Any CPU.Build.0 = Release|Any CPU
		{AB43DC29-BDDB-4046-828D-2BE5F6B1C8E7}.Debug|Any CPU.ActiveCfg = Debug|Any CPU
		{AB43DC29-BDDB-4046-828D-2BE5F6B1C8E7}.Debug|Any CPU.Build.0 = Debug|Any CPU
		{AB43DC29-BDDB-4046-828D-2BE5F6B1C8E7}.Release|Any CPU.ActiveCfg = Release|Any CPU
		{AB43DC29-BDDB-4046-828D-2BE5F6B1C8E7}.Release|Any CPU.Build.0 = Release|Any CPU
		{40DA54F8-C18A-45E2-B499-59DAC561F132}.Debug|Any CPU.ActiveCfg = Debug|Any CPU
		{40DA54F8-C18A-45E2-B499-59DAC561F132}.Debug|Any CPU.Build.0 = Debug|Any CPU
		{40DA54F8-C18A-45E2-B499-59DAC561F132}.Release|Any CPU.ActiveCfg = Release|Any CPU
		{40DA54F8-C18A-45E2-B499-59DAC561F132}.Release|Any CPU.Build.0 = Release|Any CPU
	EndGlobalSection
	GlobalSection(SolutionProperties) = preSolution
		HideSolutionNode = FALSE
	EndGlobalSection
EndGlobal
