
Microsoft Visual Studio Solution File, Format Version 12.00
# Visual Studio 2012
Project("{FAE04EC0-301F-11D3-BF4B-00C04F79EFBC}") = "OrayUpdator", "OrayUpdator\OrayUpdator.csproj", "{339CBE0D-C158-400A-92FE-AC72F526C4CD}"
EndProject
Global
	GlobalSection(SolutionConfigurationPlatforms) = preSolution
		Debug|Any CPU = Debug|Any CPU
		Release|Any CPU = Release|Any CPU
	EndGlobalSection
	GlobalSection(ProjectConfigurationPlatforms) = postSolution
		{339CBE0D-C158-400A-92FE-AC72F526C4CD}.Debug|Any CPU.ActiveCfg = Debug|Any CPU
		{339CBE0D-C158-400A-92FE-AC72F526C4CD}.Debug|Any CPU.Build.0 = Debug|Any CPU
		{339CBE0D-C158-400A-92FE-AC72F526C4CD}.Release|Any CPU.ActiveCfg = Release|Any CPU
		{339CBE0D-C158-400A-92FE-AC72F526C4CD}.Release|Any CPU.Build.0 = Release|Any CPU
	EndGlobalSection
	GlobalSection(SolutionProperties) = preSolution
		HideSolutionNode = FALSE
	EndGlobalSection
EndGlobal
